
Microsoft Visual Studio Solution File, Format Version 12.00
# Visual Studio Version 16
VisualStudioVersion = 16.0.33423.256
MinimumVisualStudioVersion = 10.0.40219.1
Project("{F184B08F-C81C-45F6-A57F-5ABD9991F28F}") = "VBProject", "VBProject.vbproj", "{528CBEC9-A169-4261-B978-93072EB3B384}"
EndProject
Global
	GlobalSection(SolutionConfigurationPlatforms) = preSolution
		Debug|Any CPU = Debug|Any CPU
		Release|Any CPU = Release|Any CPU
	EndGlobalSection
	GlobalSection(ProjectConfigurationPlatforms) = postSolution
		{528CBEC9-A169-4261-B978-93072EB3B384}.Debug|Any CPU.ActiveCfg = Debug|Any CPU
		{528CBEC9-A169-4261-B978-93072EB3B384}.Debug|Any CPU.Build.0 = Debug|Any CPU
		{528CBEC9-A169-4261-B978-93072EB3B384}.Release|Any CPU.ActiveCfg = Release|Any CPU
		{528CBEC9-A169-4261-B978-93072EB3B384}.Release|Any CPU.Build.0 = Release|Any CPU
	EndGlobalSection
	GlobalSection(SolutionProperties) = preSolution
		HideSolutionNode = FALSE
	EndGlobalSection
	GlobalSection(ExtensibilityGlobals) = postSolution
		SolutionGuid = {9532E589-059A-4318-9496-1334E354217D}
	EndGlobalSection
EndGlobal
